
Microsoft Visual Studio Solution File, Format Version 12.00
# Visual Studio 2017
Project("{FAE04EC0-301F-11D3-BF4B-00C04F79EFBC}") = "FlyingSword", "FlyingSword.csproj", "{51DC9956-0370-97F6-1822-B6D69BA577C4}"
EndProject
Project("{FAE04EC0-301F-11D3-BF4B-00C04F79EFBC}") = "FlyingSword.Editor", "FlyingSword.Editor.csproj", "{D1208222-4B49-160B-FD4F-D902E3E5E589}"
EndProject
Global
	GlobalSection(SolutionConfigurationPlatforms) = preSolution
		Debug|Any CPU = Debug|Any CPU
		Release|Any CPU = Release|Any CPU
	EndGlobalSection
	GlobalSection(ProjectConfigurationPlatforms) = postSolution
		{51DC9956-0370-97F6-1822-B6D69BA577C4}.Debug|Any CPU.ActiveCfg = Debug|Any CPU
		{51DC9956-0370-97F6-1822-B6D69BA577C4}.Debug|Any CPU.Build.0 = Debug|Any CPU
		{51DC9956-0370-97F6-1822-B6D69BA577C4}.Release|Any CPU.ActiveCfg = Release|Any CPU
		{51DC9956-0370-97F6-1822-B6D69BA577C4}.Release|Any CPU.Build.0 = Release|Any CPU
		{D1208222-4B49-160B-FD4F-D902E3E5E589}.Debug|Any CPU.ActiveCfg = Debug|Any CPU
		{D1208222-4B49-160B-FD4F-D902E3E5E589}.Debug|Any CPU.Build.0 = Debug|Any CPU
		{D1208222-4B49-160B-FD4F-D902E3E5E589}.Release|Any CPU.ActiveCfg = Release|Any CPU
		{D1208222-4B49-160B-FD4F-D902E3E5E589}.Release|Any CPU.Build.0 = Release|Any CPU
	EndGlobalSection
	GlobalSection(SolutionProperties) = preSolution
		HideSolutionNode = FALSE
	EndGlobalSection
EndGlobal
